
Microsoft Visual Studio Solution File, Format Version 12.00
# Visual Studio Version 16
VisualStudioVersion = 16.0.33027.164
MinimumVisualStudioVersion = 10.0.40219.1
Project("{FAE04EC0-301F-11D3-BF4B-00C04F79EFBC}") = "BubbleSort", "BubbleSort.csproj", "{21D53AB7-4ED5-4890-9D6B-EE213070B4D4}"
EndProject
Global
	GlobalSection(SolutionConfigurationPlatforms) = preSolution
		Debug|Any CPU = Debug|Any CPU
		Release|Any CPU = Release|Any CPU
	EndGlobalSection
	GlobalSection(ProjectConfigurationPlatforms) = postSolution
		{21D53AB7-4ED5-4890-9D6B-EE213070B4D4}.Debug|Any CPU.ActiveCfg = Debug|Any CPU
		{21D53AB7-4ED5-4890-9D6B-EE213070B4D4}.Debug|Any CPU.Build.0 = Debug|Any CPU
		{21D53AB7-4ED5-4890-9D6B-EE213070B4D4}.Release|Any CPU.ActiveCfg = Release|Any CPU
		{21D53AB7-4ED5-4890-9D6B-EE213070B4D4}.Release|Any CPU.Build.0 = Release|Any CPU
	EndGlobalSection
	GlobalSection(SolutionProperties) = preSolution
		HideSolutionNode = FALSE
	EndGlobalSection
	GlobalSection(ExtensibilityGlobals) = postSolution
		SolutionGuid = {A3D1AF66-5205-4314-839E-AF4D1AFC0ADA}
	EndGlobalSection
EndGlobal
